
Microsoft Visual Studio Solution File, Format Version 12.00
# Visual Studio 2013
VisualStudioVersion = 12.0.31101.0
MinimumVisualStudioVersion = 10.0.40219.1
Project("{FAE04EC0-301F-11D3-BF4B-00C04F79EFBC}") = "Rk.Net.Utility", "Rk.Net.Utility.csproj", "{BDC08F3C-E388-4E47-BDB4-D018332F1362}"
EndProject
Project("{FAE04EC0-301F-11D3-BF4B-00C04F79EFBC}") = "Rk.Net.Utility.Tests", "..\Rk.Net.Utility.Tests\Rk.Net.Utility.Tests.csproj", "{199C8DD6-1D07-4629-98C2-01A69B74FDA0}"
EndProject
Global
	GlobalSection(SolutionConfigurationPlatforms) = preSolution
		Debug|Any CPU = Debug|Any CPU
		Release|Any CPU = Release|Any CPU
	EndGlobalSection
	GlobalSection(ProjectConfigurationPlatforms) = postSolution
		{BDC08F3C-E388-4E47-BDB4-D018332F1362}.Debug|Any CPU.ActiveCfg = Debug|Any CPU
		{BDC08F3C-E388-4E47-BDB4-D018332F1362}.Debug|Any CPU.Build.0 = Debug|Any CPU
		{BDC08F3C-E388-4E47-BDB4-D018332F1362}.Release|Any CPU.ActiveCfg = Release|Any CPU
		{BDC08F3C-E388-4E47-BDB4-D018332F1362}.Release|Any CPU.Build.0 = Release|Any CPU
		{199C8DD6-1D07-4629-98C2-01A69B74FDA0}.Debug|Any CPU.ActiveCfg = Debug|Any CPU
		{199C8DD6-1D07-4629-98C2-01A69B74FDA0}.Debug|Any CPU.Build.0 = Debug|Any CPU
		{199C8DD6-1D07-4629-98C2-01A69B74FDA0}.Release|Any CPU.ActiveCfg = Release|Any CPU
		{199C8DD6-1D07-4629-98C2-01A69B74FDA0}.Release|Any CPU.Build.0 = Release|Any CPU
	EndGlobalSection
	GlobalSection(SolutionProperties) = preSolution
		HideSolutionNode = FALSE
	EndGlobalSection
EndGlobal
